// !$*UTF8*$!
{
	archiveVersion = 1;
	classes = {
	};
	objectVersion = 46;
	objects = {

/* Begin PBXBuildFile section */
		208837751A3758D00074B7FB /* main.m in Sources */ = {isa = PBXBuildFile; fileRef = 208837741A3758D00074B7FB /* main.m */; };
		208837781A3758D00074B7FB /* AppDelegate.m in Sources */ = {isa = PBXBuildFile; fileRef = 208837771A3758D00074B7FB /* AppDelegate.m */; };
		2088377B1A3758D00074B7FB /* ViewController.m in Sources */ = {isa = PBXBuildFile; fileRef = 2088377A1A3758D00074B7FB /* ViewController.m */; };
		2088377E1A3758D00074B7FB /* Main.storyboard in Resources */ = {isa = PBXBuildFile; fileRef = 2088377C1A3758D00074B7FB /* Main.storyboard */; };
		208837801A3758D00074B7FB /* Images.xcassets in Resources */ = {isa = PBXBuildFile; fileRef = 2088377F1A3758D00074B7FB /* Images.xcassets */; };
		208837831A3758D00074B7FB /* LaunchScreen.xib in Resources */ = {isa = PBXBuildFile; fileRef = 208837811A3758D00074B7FB /* LaunchScreen.xib */; };
		2088378F1A3758D00074B7FB /* TestAPITests.m in Sources */ = {isa = PBXBuildFile; fileRef = 2088378E1A3758D00074B7FB /* TestAPITests.m */; };
		208837991A37595F0074B7FB /* m.m in Sources */ = {isa = PBXBuildFile; fileRef = 208837981A37595F0074B7FB /* m.m */; };
		20F6FFA81A39FEF9007FB8F3 /* MemoryStorage.m in Sources */ = {isa = PBXBuildFile; fileRef = 20F6FFA71A39FEF9007FB8F3 /* MemoryStorage.m */; };
/* End PBXBuildFile section */

/* Begin PBXContainerItemProxy section */
		208837891A3758D00074B7FB /* PBXContainerItemProxy */ = {
			isa = PBXContainerItemProxy;
			containerPortal = 208837671A3758D00074B7FB /* Project object */;
			proxyType = 1;
			remoteGlobalIDString = 2088376E1A3758D00074B7FB;
			remoteInfo = TestAPI;
		};
/* End PBXContainerItemProxy section */

/* Begin PBXFileReference section */
		2088376F1A3758D00074B7FB /* TestAPI.app */ = {isa = PBXFileReference; explicitFileType = wrapper.application; includeInIndex = 0; path = TestAPI.app; sourceTree = BUILT_PRODUCTS_DIR; };
		208837731A3758D00074B7FB /* Info.plist */ = {isa = PBXFileReference; lastKnownFileType = text.plist.xml; path = Info.plist; sourceTree = "<group>"; };
		208837741A3758D00074B7FB /* main.m */ = {isa = PBXFileReference; lastKnownFileType = sourcecode.c.objc; path = main.m; sourceTree = "<group>"; };
		208837761A3758D00074B7FB /* AppDelegate.h */ = {isa = PBXFileReference; lastKnownFileType = sourcecode.c.h; path = AppDelegate.h; sourceTree = "<group>"; };
		208837771A3758D00074B7FB /* AppDelegate.m */ = {isa = PBXFileReference; lastKnownFileType = sourcecode.c.objc; path = AppDelegate.m; sourceTree = "<group>"; };
		208837791A3758D00074B7FB /* ViewController.h */ = {isa = PBXFileReference; lastKnownFileType = sourcecode.c.h; path = ViewController.h; sourceTree = "<group>"; };
		2088377A1A3758D00074B7FB /* ViewController.m */ = {isa = PBXFileReference; lastKnownFileType = sourcecode.c.objc; path = ViewController.m; sourceTree = "<group>"; };
		2088377D1A3758D00074B7FB /* Base */ = {isa = PBXFileReference; lastKnownFileType = file.storyboard; name = Base; path = Base.lproj/Main.storyboard; sourceTree = "<group>"; };
		2088377F1A3758D00074B7FB /* Images.xcassets */ = {isa = PBXFileReference; lastKnownFileType = folder.assetcatalog; path = Images.xcassets; sourceTree = "<group>"; };
		208837821A3758D00074B7FB /* Base */ = {isa = PBXFileReference; lastKnownFileType = file.xib; name = Base; path = Base.lproj/LaunchScreen.xib; sourceTree = "<group>"; };
		208837881A3758D00074B7FB /* TestAPITests.xctest */ = {isa = PBXFileReference; explicitFileType = wrapper.cfbundle; includeInIndex = 0; path = TestAPITests.xctest; sourceTree = BUILT_PRODUCTS_DIR; };
		2088378D1A3758D00074B7FB /* Info.plist */ = {isa = PBXFileReference; lastKnownFileType = text.plist.xml; path = Info.plist; sourceTree = "<group>"; };
		2088378E1A3758D00074B7FB /* TestAPITests.m */ = {isa = PBXFileReference; lastKnownFileType = sourcecode.c.objc; path = TestAPITests.m; sourceTree = "<group>"; };
		208837981A37595F0074B7FB /* m.m */ = {isa = PBXFileReference; fileEncoding = 4; lastKnownFileType = sourcecode.c.objc; name = m.m; path = Test/m.m; sourceTree = "<group>"; };
		20F6FFA61A39FEF9007FB8F3 /* MemoryStorage.h */ = {isa = PBXFileReference; fileEncoding = 4; lastKnownFileType = sourcecode.c.h; path = MemoryStorage.h; sourceTree = "<group>"; };
		20F6FFA71A39FEF9007FB8F3 /* MemoryStorage.m */ = {isa = PBXFileReference; fileEncoding = 4; lastKnownFileType = sourcecode.c.objc; path = MemoryStorage.m; sourceTree = "<group>"; };
/* End PBXFileReference section */

/* Begin PBXFrameworksBuildPhase section */
		2088376C1A3758D00074B7FB /* Frameworks */ = {
			isa = PBXFrameworksBuildPhase;
			buildActionMask = 2147483647;
			files = (
			);
			runOnlyForDeploymentPostprocessing = 0;
		};
		208837851A3758D00074B7FB /* Frameworks */ = {
			isa = PBXFrameworksBuildPhase;
			buildActionMask = 2147483647;
			files = (
			);
			runOnlyForDeploymentPostprocessing = 0;
		};
/* End PBXFrameworksBuildPhase section */

/* Begin PBXGroup section */
		208837661A3758D00074B7FB = {
			isa = PBXGroup;
			children = (
				208837711A3758D00074B7FB /* TestAPI */,
				2088378B1A3758D00074B7FB /* TestAPITests */,
				208837701A3758D00074B7FB /* Products */,
			);
			sourceTree = "<group>";
		};
		208837701A3758D00074B7FB /* Products */ = {
			isa = PBXGroup;
			children = (
				2088376F1A3758D00074B7FB /* TestAPI.app */,
				208837881A3758D00074B7FB /* TestAPITests.xctest */,
			);
			name = Products;
			sourceTree = "<group>";
		};
		208837711A3758D00074B7FB /* TestAPI */ = {
			isa = PBXGroup;
			children = (
				208837761A3758D00074B7FB /* AppDelegate.h */,
				208837771A3758D00074B7FB /* AppDelegate.m */,
				208837791A3758D00074B7FB /* ViewController.h */,
				2088377A1A3758D00074B7FB /* ViewController.m */,
				2088377C1A3758D00074B7FB /* Main.storyboard */,
				2088377F1A3758D00074B7FB /* Images.xcassets */,
				208837811A3758D00074B7FB /* LaunchScreen.xib */,
				208837721A3758D00074B7FB /* Supporting Files */,
				208837981A37595F0074B7FB /* m.m */,
				20F6FFA61A39FEF9007FB8F3 /* MemoryStorage.h */,
				20F6FFA71A39FEF9007FB8F3 /* MemoryStorage.m */,
			);
			path = TestAPI;
			sourceTree = "<group>";
		};
		208837721A3758D00074B7FB /* Supporting Files */ = {
			isa = PBXGroup;
			children = (
				208837731A3758D00074B7FB /* Info.plist */,
				208837741A3758D00074B7FB /* main.m */,
			);
			name = "Supporting Files";
			sourceTree = "<group>";
		};
		2088378B1A3758D00074B7FB /* TestAPITests */ = {
			isa = PBXGroup;
			children = (
				2088378E1A3758D00074B7FB /* TestAPITests.m */,
				2088378C1A3758D00074B7FB /* Supporting Files */,
			);
			path = TestAPITests;
			sourceTree = "<group>";
		};
		2088378C1A3758D00074B7FB /* Supporting Files */ = {
			isa = PBXGroup;
			children = (
				2088378D1A3758D00074B7FB /* Info.plist */,
			);
			name = "Supporting Files";
			sourceTree = "<group>";
		};
/* End PBXGroup section */

/* Begin PBXNativeTarget section */
		2088376E1A3758D00074B7FB /* TestAPI */ = {
			isa = PBXNativeTarget;
			buildConfigurationList = 208837921A3758D00074B7FB /* Build configuration list for PBXNativeTarget "TestAPI" */;
			buildPhases = (
				2088376B1A3758D00074B7FB /* Sources */,
				2088376C1A3758D00074B7FB /* Frameworks */,
				2088376D1A3758D00074B7FB /* Resources */,
			);
			buildRules = (
			);
			dependencies = (
			);
			name = TestAPI;
			productName = TestAPI;
			productReference = 2088376F1A3758D00074B7FB /* TestAPI.app */;
			productType = "com.apple.product-type.application";
		};
		208837871A3758D00074B7FB /* TestAPITests */ = {
			isa = PBXNativeTarget;
			buildConfigurationList = 208837951A3758D00074B7FB /* Build configuration list for PBXNativeTarget "TestAPITests" */;
			buildPhases = (
				208837841A3758D00074B7FB /* Sources */,
				208837851A3758D00074B7FB /* Frameworks */,
				208837861A3758D00074B7FB /* Resources */,
			);
			buildRules = (
			);
			dependencies = (
				2088378A1A3758D00074B7FB /* PBXTargetDependency */,
			);
			name = TestAPITests;
			productName = TestAPITests;
			productReference = 208837881A3758D00074B7FB /* TestAPITests.xctest */;
			productType = "com.apple.product-type.bundle.unit-test";
		};
/* End PBXNativeTarget section */

/* Begin PBXProject section */
		208837671A3758D00074B7FB /* Project object */ = {
			isa = PBXProject;
			attributes = {
				LastUpgradeCheck = 0610;
				ORGANIZATIONNAME = Academy387;
				TargetAttributes = {
					2088376E1A3758D00074B7FB = {
						CreatedOnToolsVersion = 6.1;
					};
					208837871A3758D00074B7FB = {
						CreatedOnToolsVersion = 6.1;
						TestTargetID = 2088376E1A3758D00074B7FB;
					};
				};
			};
			buildConfigurationList = 2088376A1A3758D00074B7FB /* Build configuration list for PBXProject "TestAPI" */;
			compatibilityVersion = "Xcode 3.2";
			developmentRegion = English;
			hasScannedForEncodings = 0;
			knownRegions = (
				en,
				Base,
			);
			mainGroup = 208837661A3758D00074B7FB;
			productRefGroup = 208837701A3758D00074B7FB /* Products */;
			projectDirPath = "";
			projectRoot = "";
			targets = (
				2088376E1A3758D00074B7FB /* TestAPI */,
				208837871A3758D00074B7FB /* TestAPITests */,
			);
		};
/* End PBXProject section */

/* Begin PBXResourcesBuildPhase section */
		2088376D1A3758D00074B7FB /* Resources */ = {
			isa = PBXResourcesBuildPhase;
			buildActionMask = 2147483647;
			files = (
				2088377E1A3758D00074B7FB /* Main.storyboard in Resources */,
				208837831A3758D00074B7FB /* LaunchScreen.xib in Resources */,
				208837801A3758D00074B7FB /* Images.xcassets in Resources */,
			);
			runOnlyForDeploymentPostprocessing = 0;
		};
		208837861A3758D00074B7FB /* Resources */ = {
			isa = PBXResourcesBuildPhase;
			buildActionMask = 2147483647;
			files = (
			);
			runOnlyForDeploymentPostprocessing = 0;
		};
/* End PBXResourcesBuildPhase section */

/* Begin PBXSourcesBuildPhase section */
		2088376B1A3758D00074B7FB /* Sources */ = {
			isa = PBXSourcesBuildPhase;
			buildActionMask = 2147483647;
			files = (
				2088377B1A3758D00074B7FB /* ViewController.m in Sources */,
				208837781A3758D00074B7FB /* AppDelegate.m in Sources */,
				208837751A3758D00074B7FB /* main.m in Sources */,
				20F6FFA81A39FEF9007FB8F3 /* MemoryStorage.m in Sources */,
				208837991A37595F0074B7FB /* m.m in Sources */,
			);
			runOnlyForDeploymentPostprocessing = 0;
		};
		208837841A3758D00074B7FB /* Sources */ = {
			isa = PBXSourcesBuildPhase;
			buildActionMask = 2147483647;
			files = (
				2088378F1A3758D00074B7FB /* TestAPITests.m in Sources */,
			);
			runOnlyForDeploymentPostprocessing = 0;
		};
/* End PBXSourcesBuildPhase section */

/* Begin PBXTargetDependency section */
		2088378A1A3758D00074B7FB /* PBXTargetDependency */ = {
			isa = PBXTargetDependency;
			target = 2088376E1A3758D00074B7FB /* TestAPI */;
			targetProxy = 208837891A3758D00074B7FB /* PBXContainerItemProxy */;
		};
/* End PBXTargetDependency section */

/* Begin PBXVariantGroup section */
		2088377C1A3758D00074B7FB /* Main.storyboard */ = {
			isa = PBXVariantGroup;
			children = (
				2088377D1A3758D00074B7FB /* Base */,
			);
			name = Main.storyboard;
			sourceTree = "<group>";
		};
		208837811A3758D00074B7FB /* LaunchScreen.xib */ = {
			isa = PBXVariantGroup;
			children = (
				208837821A3758D00074B7FB /* Base */,
			);
			name = LaunchScreen.xib;
			sourceTree = "<group>";
		};
/* End PBXVariantGroup section */

/* Begin XCBuildConfiguration section */
		208837901A3758D00074B7FB /* Debug */ = {
			isa = XCBuildConfiguration;
			buildSettings = {
				ALWAYS_SEARCH_USER_PATHS = NO;
				CLANG_CXX_LANGUAGE_STANDARD = "gnu++0x";
				CLANG_CXX_LIBRARY = "libc++";
				CLANG_ENABLE_MODULES = YES;
				CLANG_ENABLE_OBJC_ARC = YES;
				CLANG_WARN_BOOL_CONVERSION = YES;
				CLANG_WARN_CONSTANT_CONVERSION = YES;
				CLANG_WARN_DIRECT_OBJC_ISA_USAGE = YES_ERROR;
				CLANG_WARN_EMPTY_BODY = YES;
				CLANG_WARN_ENUM_CONVERSION = YES;
				CLANG_WARN_INT_CONVERSION = YES;
				CLANG_WARN_OBJC_ROOT_CLASS = YES_ERROR;
				CLANG_WARN_UNREACHABLE_CODE = YES;
				CLANG_WARN__DUPLICATE_METHOD_MATCH = YES;
				"CODE_SIGN_IDENTITY[sdk=iphoneos*]" = "iPhone Developer";
				COPY_PHASE_STRIP = NO;
				ENABLE_STRICT_OBJC_MSGSEND = YES;
				GCC_C_LANGUAGE_STANDARD = gnu99;
				GCC_DYNAMIC_NO_PIC = NO;
				GCC_OPTIMIZATION_LEVEL = 0;
				GCC_PREPROCESSOR_DEFINITIONS = (
					"DEBUG=1",
					"$(inherited)",
				);
				GCC_SYMBOLS_PRIVATE_EXTERN = NO;
				GCC_WARN_64_TO_32_BIT_CONVERSION = YES;
				GCC_WARN_ABOUT_RETURN_TYPE = YES_ERROR;
				GCC_WARN_UNDECLARED_SELECTOR = YES;
				GCC_WARN_UNINITIALIZED_AUTOS = YES_AGGRESSIVE;
				GCC_WARN_UNUSED_FUNCTION = YES;
				GCC_WARN_UNUSED_VARIABLE = YES;
				IPHONEOS_DEPLOYMENT_TARGET = 8.1;
				MTL_ENABLE_DEBUG_INFO = YES;
				ONLY_ACTIVE_ARCH = YES;
				SDKROOT = iphoneos;
			};
			name = Debug;
		};
		208837911A3758D00074B7FB /* Release */ = {
			isa = XCBuildConfiguration;
			buildSettings = {
				ALWAYS_SEARCH_USER_PATHS = NO;
				CLANG_CXX_LANGUAGE_STANDARD = "gnu++0x";
				CLANG_CXX_LIBRARY = "libc++";
				CLANG_ENABLE_MODULES = YES;
				CLANG_ENABLE_OBJC_ARC = YES;
				CLANG_WARN_BOOL_CONVERSION = YES;
				CLANG_WARN_CONSTANT_CONVERSION = YES;
				CLANG_WARN_DIRECT_OBJC_ISA_USAGE = YES_ERROR;
				CLANG_WARN_EMPTY_BODY = YES;
				CLANG_WARN_ENUM_CONVERSION = YES;
				CLANG_WARN_INT_CONVERSION = YES;
				CLANG_WARN_OBJC_ROOT_CLASS = YES_ERROR;
				CLANG_WARN_UNREACHABLE_CODE = YES;
				CLANG_WARN__DUPLICATE_METHOD_MATCH = YES;
				"CODE_SIGN_IDENTITY[sdk=iphoneos*]" = "iPhone Developer";
				COPY_PHASE_STRIP = YES;
				ENABLE_NS_ASSERTIONS = NO;
				ENABLE_STRICT_OBJC_MSGSEND = YES;
				GCC_C_LANGUAGE_STANDARD = gnu99;
				GCC_WARN_64_TO_32_BIT_CONVERSION = YES;
				GCC_WARN_ABOUT_RETURN_TYPE = YES_ERROR;
				GCC_WARN_UNDECLARED_SELECTOR = YES;
				GCC_WARN_UNINITIALIZED_AUTOS = YES_AGGRESSIVE;
				GCC_WARN_UNUSED_FUNCTION = YES;
				GCC_WARN_UNUSED_VARIABLE = YES;
				IPHONEOS_DEPLOYMENT_TARGET = 8.1;
				MTL_ENABLE_DEBUG_INFO = NO;
				SDKROOT = iphoneos;
				VALIDATE_PRODUCT = YES;
			};
			name = Release;
		};
		208837931A3758D00074B7FB /* Debug */ = {
			isa = XCBuildConfiguration;
			buildSettings = {
				ASSETCATALOG_COMPILER_APPICON_NAME = AppIcon;
				INFOPLIST_FILE = TestAPI/Info.plist;
				LD_RUNPATH_SEARCH_PATHS = "$(inherited) @executable_path/Frameworks";
				PRODUCT_NAME = "$(TARGET_NAME)";
			};
			name = Debug;
		};
		208837941A3758D00074B7FB /* Release */ = {
			isa = XCBuildConfiguration;
			buildSettings = {
				ASSETCATALOG_COMPILER_APPICON_NAME = AppIcon;
				INFOPLIST_FILE = TestAPI/Info.plist;
				LD_RUNPATH_SEARCH_PATHS = "$(inherited) @executable_path/Frameworks";
				PRODUCT_NAME = "$(TARGET_NAME)";
			};
			name = Release;
		};
		208837961A3758D00074B7FB /* Debug */ = {
			isa = XCBuildConfiguration;
			buildSettings = {
				BUNDLE_LOADER = "$(TEST_HOST)";
				FRAMEWORK_SEARCH_PATHS = (
					"$(SDKROOT)/Developer/Library/Frameworks",
					"$(inherited)",
				);
				GCC_PREPROCESSOR_DEFINITIONS = (
					"DEBUG=1",
					"$(inherited)",
				);
				INFOPLIST_FILE = TestAPITests/Info.plist;
				LD_RUNPATH_SEARCH_PATHS = "$(inherited) @executable_path/Frameworks @loader_path/Frameworks";
				PRODUCT_NAME = "$(TARGET_NAME)";
				TEST_HOST = "$(BUILT_PRODUCTS_DIR)/TestAPI.app/TestAPI";
			};
			name = Debug;
		};
		208837971A3758D00074B7FB /* Release */ = {
			isa = XCBuildConfiguration;
			buildSettings = {
				BUNDLE_LOADER = "$(TEST_HOST)";
				FRAMEWORK_SEARCH_PATHS = (
					"$(SDKROOT)/Developer/Library/Frameworks",
					"$(inherited)",
				);
				INFOPLIST_FILE = TestAPITests/Info.plist;
				LD_RUNPATH_SEARCH_PATHS = "$(inherited) @executable_path/Frameworks @loader_path/Frameworks";
				PRODUCT_NAME = "$(TARGET_NAME)";
				TEST_HOST = "$(BUILT_PRODUCTS_DIR)/TestAPI.app/TestAPI";
			};
			name = Release;
		};
/* End XCBuildConfiguration section */

/* Begin XCConfigurationList section */
		2088376A1A3758D00074B7FB /* Build configuration list for PBXProject "TestAPI" */ = {
			isa = XCConfigurationList;
			buildConfigurations = (
				208837901A3758D00074B7FB /* Debug */,
				208837911A3758D00074B7FB /* Release */,
			);
			defaultConfigurationIsVisible = 0;
			defaultConfigurationName = Release;
		};
		208837921A3758D00074B7FB /* Build configuration list for PBXNativeTarget "TestAPI" */ = {
			isa = XCConfigurationList;
			buildConfigurations = (
				208837931A3758D00074B7FB /* Debug */,
				208837941A3758D00074B7FB /* Release */,
			);
			defaultConfigurationIsVisible = 0;
			defaultConfigurationName = Release;
		};
		208837951A3758D00074B7FB /* Build configuration list for PBXNativeTarget "TestAPITests" */ = {
			isa = XCConfigurationList;
			buildConfigurations = (
				208837961A3758D00074B7FB /* Debug */,
				208837971A3758D00074B7FB /* Release */,
			);
			defaultConfigurationIsVisible = 0;
			defaultConfigurationName = Release;
		};
/* End XCConfigurationList section */
	};
	rootObject = 208837671A3758D00074B7FB /* Project object */;
}
